<?xml version="1.0" encoding="utf-8"?>
<Project ToolsVersion="4.0" xmlns="http://schemas.microsoft.com/developer/msbuild/2003">
  <ItemGroup>
    <Filter Include="src">
      <UniqueIdentifier>{a90830e7-7efe-4066-9819-800c157b040d}</UniqueIdentifier>
    </Filter>
  </ItemGroup>
  <ItemGroup>
    <ClCompile Include="foamyQuadMesh.cxx">
      <Filter>src</Filter>
    </ClCompile>
  </ItemGroup>
</Project>