<?xml version="1.0" encoding="utf-8"?>
<Project ToolsVersion="4.0" xmlns="http://schemas.microsoft.com/developer/msbuild/2003">
  <ItemGroup>
    <Filter Include="src">
      <UniqueIdentifier>{43487c65-6534-498a-a852-03f7c6fa3bd0}</UniqueIdentifier>
    </Filter>
  </ItemGroup>
  <ItemGroup>
    <ClCompile Include="surfaceMeshInfo.cxx">
      <Filter>src</Filter>
    </ClCompile>
  </ItemGroup>
</Project>