
Microsoft Visual Studio Solution File, Format Version 12.00
# Visual Studio 15
VisualStudioVersion = 15.0.28307.960
MinimumVisualStudioVersion = 10.0.40219.1
Project("{8BC9CEB8-8B4A-11D0-8D11-00A0C91BC942}") = "OpenFoam7", "OpenFoam7\OpenFoam7.vcxproj", "{C4FDFA07-2832-4DC1-9977-951D7FC1295A}"
EndProject
Project("{8BC9CEB8-8B4A-11D0-8D11-00A0C91BC942}") = "TnbBase", "TnbBase\TnbBase.vcxproj", "{0EAECC55-7EC6-4414-897B-0156A774C01C}"
EndProject
Project("{8BC9CEB8-8B4A-11D0-8D11-00A0C91BC942}") = "TnbFvMesh", "TnbFvMesh\TnbFvMesh.vcxproj", "{C5B9D5F2-4A73-47CD-85E1-65BC340BC2C2}"
EndProject
Project("{8BC9CEB8-8B4A-11D0-8D11-00A0C91BC942}") = "TnbFiniteVolume", "TnbFiniteVolume\TnbFiniteVolume.vcxproj", "{5845EC09-4E08-49F8-A805-F71C9CDDE696}"
EndProject
Project("{8BC9CEB8-8B4A-11D0-8D11-00A0C91BC942}") = "TnbTurbulence", "TnbTurbulence\TnbTurbulence.vcxproj", "{C44B171D-747F-4FE0-B6E9-B8C6C88DDC40}"
EndProject
Project("{8BC9CEB8-8B4A-11D0-8D11-00A0C91BC942}") = "TnbThermoPhysicalModels", "TnbThermoPhysicalModels\TnbThermoPhysicalModels.vcxproj", "{5396B04C-6E67-4EE2-82F8-E56D26195CF9}"
EndProject
Project("{8BC9CEB8-8B4A-11D0-8D11-00A0C91BC942}") = "TnbTransportModels", "TnbTransportModels\TnbTransportModels.vcxproj", "{AD4B123C-0D2B-4AAC-B265-9EC2F0E93568}"
EndProject
Project("{8BC9CEB8-8B4A-11D0-8D11-00A0C91BC942}") = "TnbODE", "TnbODE\TnbODE.vcxproj", "{03BDA03B-A996-4D13-A558-D150777031E9}"
EndProject
Project("{8BC9CEB8-8B4A-11D0-8D11-00A0C91BC942}") = "TnbParallel", "TnbParallel\TnbParallel.vcxproj", "{122FDDF5-B397-43F8-BCC5-5C3CDB60CB41}"
EndProject
Project("{8BC9CEB8-8B4A-11D0-8D11-00A0C91BC942}") = "TnbDynamicMesh", "TnbDynamicMesh\TnbDynamicMesh.vcxproj", "{E3788C5B-0066-49CE-A6F3-4EF1A5660B6D}"
EndProject
Project("{8BC9CEB8-8B4A-11D0-8D11-00A0C91BC942}") = "TnbRigidBodyMotion", "TnbRigidBodyMotion\TnbRigidBodyMotion.vcxproj", "{C192F90E-0B12-4F6B-89A9-0A068213F97D}"
EndProject
Project("{8BC9CEB8-8B4A-11D0-8D11-00A0C91BC942}") = "TnbLagrangian", "TnbLagrangian\TnbLagrangian.vcxproj", "{27928553-74AF-4229-B18C-4F7670767702}"
EndProject
Project("{8BC9CEB8-8B4A-11D0-8D11-00A0C91BC942}") = "TnbCombustionModels", "TnbCombustionModels\TnbCombustionModels.vcxproj", "{EC552DE4-8922-4B5A-9254-1F29E1CC71DD}"
EndProject
Project("{8BC9CEB8-8B4A-11D0-8D11-00A0C91BC942}") = "TnbFvMotionSolver", "TnbFvMotionSolver\TnbFvMotionSolver.vcxproj", "{07062007-6775-47E4-B2DB-1C87D877196C}"
EndProject
Project("{8BC9CEB8-8B4A-11D0-8D11-00A0C91BC942}") = "TnbRadiationModels", "TnbRadiationModels\TnbRadiationModels.vcxproj", "{7E9D43D8-5865-43DE-BF56-4057A40BEE84}"
EndProject
Project("{8BC9CEB8-8B4A-11D0-8D11-00A0C91BC942}") = "TnbFvOptions", "TnbFvOptions\TnbFvOptions.vcxproj", "{BE9DAF5D-75B5-4744-B7D4-FB8A1A2150CA}"
EndProject
Project("{8BC9CEB8-8B4A-11D0-8D11-00A0C91BC942}") = "TnbSampling", "TnbSampling\TnbSampling.vcxproj", "{B0600BFC-62B5-4F92-9E5A-5B25FD93436A}"
EndProject
Project("{8BC9CEB8-8B4A-11D0-8D11-00A0C91BC942}") = "TnbConversion", "TnbConversion\TnbConversion.vcxproj", "{67F2BDF8-7CB4-475C-BC9C-5C7A97635CEE}"
EndProject
Global
	GlobalSection(SolutionConfigurationPlatforms) = preSolution
		Debug|x64 = Debug|x64
		Debug|x86 = Debug|x86
		Release|x64 = Release|x64
		Release|x86 = Release|x86
	EndGlobalSection
	GlobalSection(ProjectConfigurationPlatforms) = postSolution
		{C4FDFA07-2832-4DC1-9977-951D7FC1295A}.Debug|x64.ActiveCfg = Debug|x64
		{C4FDFA07-2832-4DC1-9977-951D7FC1295A}.Debug|x64.Build.0 = Debug|x64
		{C4FDFA07-2832-4DC1-9977-951D7FC1295A}.Debug|x86.ActiveCfg = Debug|Win32
		{C4FDFA07-2832-4DC1-9977-951D7FC1295A}.Debug|x86.Build.0 = Debug|Win32
		{C4FDFA07-2832-4DC1-9977-951D7FC1295A}.Release|x64.ActiveCfg = Release|x64
		{C4FDFA07-2832-4DC1-9977-951D7FC1295A}.Release|x64.Build.0 = Release|x64
		{C4FDFA07-2832-4DC1-9977-951D7FC1295A}.Release|x86.ActiveCfg = Release|Win32
		{C4FDFA07-2832-4DC1-9977-951D7FC1295A}.Release|x86.Build.0 = Release|Win32
		{0EAECC55-7EC6-4414-897B-0156A774C01C}.Debug|x64.ActiveCfg = Debug|x64
		{0EAECC55-7EC6-4414-897B-0156A774C01C}.Debug|x64.Build.0 = Debug|x64
		{0EAECC55-7EC6-4414-897B-0156A774C01C}.Debug|x86.ActiveCfg = Debug|x64
		{0EAECC55-7EC6-4414-897B-0156A774C01C}.Release|x64.ActiveCfg = Release|x64
		{0EAECC55-7EC6-4414-897B-0156A774C01C}.Release|x64.Build.0 = Release|x64
		{0EAECC55-7EC6-4414-897B-0156A774C01C}.Release|x86.ActiveCfg = Release|x64
		{C5B9D5F2-4A73-47CD-85E1-65BC340BC2C2}.Debug|x64.ActiveCfg = Debug|x64
		{C5B9D5F2-4A73-47CD-85E1-65BC340BC2C2}.Debug|x64.Build.0 = Debug|x64
		{C5B9D5F2-4A73-47CD-85E1-65BC340BC2C2}.Debug|x86.ActiveCfg = Debug|x64
		{C5B9D5F2-4A73-47CD-85E1-65BC340BC2C2}.Release|x64.ActiveCfg = Release|x64
		{C5B9D5F2-4A73-47CD-85E1-65BC340BC2C2}.Release|x64.Build.0 = Release|x64
		{C5B9D5F2-4A73-47CD-85E1-65BC340BC2C2}.Release|x86.ActiveCfg = Release|x64
		{5845EC09-4E08-49F8-A805-F71C9CDDE696}.Debug|x64.ActiveCfg = Debug|x64
		{5845EC09-4E08-49F8-A805-F71C9CDDE696}.Debug|x64.Build.0 = Debug|x64
		{5845EC09-4E08-49F8-A805-F71C9CDDE696}.Debug|x86.ActiveCfg = Debug|Win32
		{5845EC09-4E08-49F8-A805-F71C9CDDE696}.Debug|x86.Build.0 = Debug|Win32
		{5845EC09-4E08-49F8-A805-F71C9CDDE696}.Release|x64.ActiveCfg = Release|x64
		{5845EC09-4E08-49F8-A805-F71C9CDDE696}.Release|x64.Build.0 = Release|x64
		{5845EC09-4E08-49F8-A805-F71C9CDDE696}.Release|x86.ActiveCfg = Release|Win32
		{5845EC09-4E08-49F8-A805-F71C9CDDE696}.Release|x86.Build.0 = Release|Win32
		{C44B171D-747F-4FE0-B6E9-B8C6C88DDC40}.Debug|x64.ActiveCfg = Debug|x64
		{C44B171D-747F-4FE0-B6E9-B8C6C88DDC40}.Debug|x64.Build.0 = Debug|x64
		{C44B171D-747F-4FE0-B6E9-B8C6C88DDC40}.Debug|x86.ActiveCfg = Debug|Win32
		{C44B171D-747F-4FE0-B6E9-B8C6C88DDC40}.Debug|x86.Build.0 = Debug|Win32
		{C44B171D-747F-4FE0-B6E9-B8C6C88DDC40}.Release|x64.ActiveCfg = Release|x64
		{C44B171D-747F-4FE0-B6E9-B8C6C88DDC40}.Release|x64.Build.0 = Release|x64
		{C44B171D-747F-4FE0-B6E9-B8C6C88DDC40}.Release|x86.ActiveCfg = Release|Win32
		{C44B171D-747F-4FE0-B6E9-B8C6C88DDC40}.Release|x86.Build.0 = Release|Win32
		{5396B04C-6E67-4EE2-82F8-E56D26195CF9}.Debug|x64.ActiveCfg = Debug|x64
		{5396B04C-6E67-4EE2-82F8-E56D26195CF9}.Debug|x64.Build.0 = Debug|x64
		{5396B04C-6E67-4EE2-82F8-E56D26195CF9}.Debug|x86.ActiveCfg = Debug|Win32
		{5396B04C-6E67-4EE2-82F8-E56D26195CF9}.Debug|x86.Build.0 = Debug|Win32
		{5396B04C-6E67-4EE2-82F8-E56D26195CF9}.Release|x64.ActiveCfg = Release|x64
		{5396B04C-6E67-4EE2-82F8-E56D26195CF9}.Release|x64.Build.0 = Release|x64
		{5396B04C-6E67-4EE2-82F8-E56D26195CF9}.Release|x86.ActiveCfg = Release|Win32
		{5396B04C-6E67-4EE2-82F8-E56D26195CF9}.Release|x86.Build.0 = Release|Win32
		{AD4B123C-0D2B-4AAC-B265-9EC2F0E93568}.Debug|x64.ActiveCfg = Debug|x64
		{AD4B123C-0D2B-4AAC-B265-9EC2F0E93568}.Debug|x64.Build.0 = Debug|x64
		{AD4B123C-0D2B-4AAC-B265-9EC2F0E93568}.Debug|x86.ActiveCfg = Debug|Win32
		{AD4B123C-0D2B-4AAC-B265-9EC2F0E93568}.Debug|x86.Build.0 = Debug|Win32
		{AD4B123C-0D2B-4AAC-B265-9EC2F0E93568}.Release|x64.ActiveCfg = Release|x64
		{AD4B123C-0D2B-4AAC-B265-9EC2F0E93568}.Release|x64.Build.0 = Release|x64
		{AD4B123C-0D2B-4AAC-B265-9EC2F0E93568}.Release|x86.ActiveCfg = Release|Win32
		{AD4B123C-0D2B-4AAC-B265-9EC2F0E93568}.Release|x86.Build.0 = Release|Win32
		{03BDA03B-A996-4D13-A558-D150777031E9}.Debug|x64.ActiveCfg = Debug|x64
		{03BDA03B-A996-4D13-A558-D150777031E9}.Debug|x64.Build.0 = Debug|x64
		{03BDA03B-A996-4D13-A558-D150777031E9}.Debug|x86.ActiveCfg = Debug|Win32
		{03BDA03B-A996-4D13-A558-D150777031E9}.Debug|x86.Build.0 = Debug|Win32
		{03BDA03B-A996-4D13-A558-D150777031E9}.Release|x64.ActiveCfg = Release|x64
		{03BDA03B-A996-4D13-A558-D150777031E9}.Release|x64.Build.0 = Release|x64
		{03BDA03B-A996-4D13-A558-D150777031E9}.Release|x86.ActiveCfg = Release|Win32
		{03BDA03B-A996-4D13-A558-D150777031E9}.Release|x86.Build.0 = Release|Win32
		{122FDDF5-B397-43F8-BCC5-5C3CDB60CB41}.Debug|x64.ActiveCfg = Debug|x64
		{122FDDF5-B397-43F8-BCC5-5C3CDB60CB41}.Debug|x64.Build.0 = Debug|x64
		{122FDDF5-B397-43F8-BCC5-5C3CDB60CB41}.Debug|x86.ActiveCfg = Debug|Win32
		{122FDDF5-B397-43F8-BCC5-5C3CDB60CB41}.Debug|x86.Build.0 = Debug|Win32
		{122FDDF5-B397-43F8-BCC5-5C3CDB60CB41}.Release|x64.ActiveCfg = Release|x64
		{122FDDF5-B397-43F8-BCC5-5C3CDB60CB41}.Release|x64.Build.0 = Release|x64
		{122FDDF5-B397-43F8-BCC5-5C3CDB60CB41}.Release|x86.ActiveCfg = Release|Win32
		{122FDDF5-B397-43F8-BCC5-5C3CDB60CB41}.Release|x86.Build.0 = Release|Win32
		{E3788C5B-0066-49CE-A6F3-4EF1A5660B6D}.Debug|x64.ActiveCfg = Debug|x64
		{E3788C5B-0066-49CE-A6F3-4EF1A5660B6D}.Debug|x64.Build.0 = Debug|x64
		{E3788C5B-0066-49CE-A6F3-4EF1A5660B6D}.Debug|x86.ActiveCfg = Debug|x64
		{E3788C5B-0066-49CE-A6F3-4EF1A5660B6D}.Release|x64.ActiveCfg = Release|x64
		{E3788C5B-0066-49CE-A6F3-4EF1A5660B6D}.Release|x64.Build.0 = Release|x64
		{E3788C5B-0066-49CE-A6F3-4EF1A5660B6D}.Release|x86.ActiveCfg = Release|x64
		{C192F90E-0B12-4F6B-89A9-0A068213F97D}.Debug|x64.ActiveCfg = Debug|x64
		{C192F90E-0B12-4F6B-89A9-0A068213F97D}.Debug|x64.Build.0 = Debug|x64
		{C192F90E-0B12-4F6B-89A9-0A068213F97D}.Debug|x86.ActiveCfg = Debug|Win32
		{C192F90E-0B12-4F6B-89A9-0A068213F97D}.Debug|x86.Build.0 = Debug|Win32
		{C192F90E-0B12-4F6B-89A9-0A068213F97D}.Release|x64.ActiveCfg = Release|x64
		{C192F90E-0B12-4F6B-89A9-0A068213F97D}.Release|x64.Build.0 = Release|x64
		{C192F90E-0B12-4F6B-89A9-0A068213F97D}.Release|x86.ActiveCfg = Release|Win32
		{C192F90E-0B12-4F6B-89A9-0A068213F97D}.Release|x86.Build.0 = Release|Win32
		{27928553-74AF-4229-B18C-4F7670767702}.Debug|x64.ActiveCfg = Debug|x64
		{27928553-74AF-4229-B18C-4F7670767702}.Debug|x64.Build.0 = Debug|x64
		{27928553-74AF-4229-B18C-4F7670767702}.Debug|x86.ActiveCfg = Debug|x64
		{27928553-74AF-4229-B18C-4F7670767702}.Release|x64.ActiveCfg = Release|x64
		{27928553-74AF-4229-B18C-4F7670767702}.Release|x64.Build.0 = Release|x64
		{27928553-74AF-4229-B18C-4F7670767702}.Release|x86.ActiveCfg = Release|x64
		{EC552DE4-8922-4B5A-9254-1F29E1CC71DD}.Debug|x64.ActiveCfg = Debug|x64
		{EC552DE4-8922-4B5A-9254-1F29E1CC71DD}.Debug|x64.Build.0 = Debug|x64
		{EC552DE4-8922-4B5A-9254-1F29E1CC71DD}.Debug|x86.ActiveCfg = Debug|Win32
		{EC552DE4-8922-4B5A-9254-1F29E1CC71DD}.Debug|x86.Build.0 = Debug|Win32
		{EC552DE4-8922-4B5A-9254-1F29E1CC71DD}.Release|x64.ActiveCfg = Release|x64
		{EC552DE4-8922-4B5A-9254-1F29E1CC71DD}.Release|x64.Build.0 = Release|x64
		{EC552DE4-8922-4B5A-9254-1F29E1CC71DD}.Release|x86.ActiveCfg = Release|Win32
		{EC552DE4-8922-4B5A-9254-1F29E1CC71DD}.Release|x86.Build.0 = Release|Win32
		{07062007-6775-47E4-B2DB-1C87D877196C}.Debug|x64.ActiveCfg = Debug|x64
		{07062007-6775-47E4-B2DB-1C87D877196C}.Debug|x64.Build.0 = Debug|x64
		{07062007-6775-47E4-B2DB-1C87D877196C}.Debug|x86.ActiveCfg = Debug|Win32
		{07062007-6775-47E4-B2DB-1C87D877196C}.Debug|x86.Build.0 = Debug|Win32
		{07062007-6775-47E4-B2DB-1C87D877196C}.Release|x64.ActiveCfg = Release|x64
		{07062007-6775-47E4-B2DB-1C87D877196C}.Release|x64.Build.0 = Release|x64
		{07062007-6775-47E4-B2DB-1C87D877196C}.Release|x86.ActiveCfg = Release|Win32
		{07062007-6775-47E4-B2DB-1C87D877196C}.Release|x86.Build.0 = Release|Win32
		{7E9D43D8-5865-43DE-BF56-4057A40BEE84}.Debug|x64.ActiveCfg = Debug|x64
		{7E9D43D8-5865-43DE-BF56-4057A40BEE84}.Debug|x64.Build.0 = Debug|x64
		{7E9D43D8-5865-43DE-BF56-4057A40BEE84}.Debug|x86.ActiveCfg = Debug|Win32
		{7E9D43D8-5865-43DE-BF56-4057A40BEE84}.Debug|x86.Build.0 = Debug|Win32
		{7E9D43D8-5865-43DE-BF56-4057A40BEE84}.Release|x64.ActiveCfg = Release|x64
		{7E9D43D8-5865-43DE-BF56-4057A40BEE84}.Release|x64.Build.0 = Release|x64
		{7E9D43D8-5865-43DE-BF56-4057A40BEE84}.Release|x86.ActiveCfg = Release|Win32
		{7E9D43D8-5865-43DE-BF56-4057A40BEE84}.Release|x86.Build.0 = Release|Win32
		{BE9DAF5D-75B5-4744-B7D4-FB8A1A2150CA}.Debug|x64.ActiveCfg = Debug|x64
		{BE9DAF5D-75B5-4744-B7D4-FB8A1A2150CA}.Debug|x64.Build.0 = Debug|x64
		{BE9DAF5D-75B5-4744-B7D4-FB8A1A2150CA}.Debug|x86.ActiveCfg = Debug|Win32
		{BE9DAF5D-75B5-4744-B7D4-FB8A1A2150CA}.Debug|x86.Build.0 = Debug|Win32
		{BE9DAF5D-75B5-4744-B7D4-FB8A1A2150CA}.Release|x64.ActiveCfg = Release|x64
		{BE9DAF5D-75B5-4744-B7D4-FB8A1A2150CA}.Release|x64.Build.0 = Release|x64
		{BE9DAF5D-75B5-4744-B7D4-FB8A1A2150CA}.Release|x86.ActiveCfg = Release|Win32
		{BE9DAF5D-75B5-4744-B7D4-FB8A1A2150CA}.Release|x86.Build.0 = Release|Win32
		{B0600BFC-62B5-4F92-9E5A-5B25FD93436A}.Debug|x64.ActiveCfg = Debug|x64
		{B0600BFC-62B5-4F92-9E5A-5B25FD93436A}.Debug|x64.Build.0 = Debug|x64
		{B0600BFC-62B5-4F92-9E5A-5B25FD93436A}.Debug|x86.ActiveCfg = Debug|Win32
		{B0600BFC-62B5-4F92-9E5A-5B25FD93436A}.Debug|x86.Build.0 = Debug|Win32
		{B0600BFC-62B5-4F92-9E5A-5B25FD93436A}.Release|x64.ActiveCfg = Release|x64
		{B0600BFC-62B5-4F92-9E5A-5B25FD93436A}.Release|x64.Build.0 = Release|x64
		{B0600BFC-62B5-4F92-9E5A-5B25FD93436A}.Release|x86.ActiveCfg = Release|Win32
		{B0600BFC-62B5-4F92-9E5A-5B25FD93436A}.Release|x86.Build.0 = Release|Win32
		{67F2BDF8-7CB4-475C-BC9C-5C7A97635CEE}.Debug|x64.ActiveCfg = Debug|x64
		{67F2BDF8-7CB4-475C-BC9C-5C7A97635CEE}.Debug|x64.Build.0 = Debug|x64
		{67F2BDF8-7CB4-475C-BC9C-5C7A97635CEE}.Debug|x86.ActiveCfg = Debug|x64
		{67F2BDF8-7CB4-475C-BC9C-5C7A97635CEE}.Release|x64.ActiveCfg = Release|x64
		{67F2BDF8-7CB4-475C-BC9C-5C7A97635CEE}.Release|x64.Build.0 = Release|x64
		{67F2BDF8-7CB4-475C-BC9C-5C7A97635CEE}.Release|x86.ActiveCfg = Release|x64
	EndGlobalSection
	GlobalSection(SolutionProperties) = preSolution
		HideSolutionNode = FALSE
	EndGlobalSection
	GlobalSection(ExtensibilityGlobals) = postSolution
		SolutionGuid = {1107BF8D-1C23-4E64-93DE-E2F73CB09919}
	EndGlobalSection
EndGlobal
