<?xml version="1.0" encoding="utf-8"?>
<Project ToolsVersion="4.0" xmlns="http://schemas.microsoft.com/developer/msbuild/2003">
  <ItemGroup>
    <Filter Include="src">
      <UniqueIdentifier>{0024c62f-25c4-4145-88c3-da0f82e6f9c1}</UniqueIdentifier>
    </Filter>
  </ItemGroup>
  <ItemGroup>
    <ClCompile Include="surfaceMeshConvertTesting.cxx">
      <Filter>src</Filter>
    </ClCompile>
  </ItemGroup>
</Project>