<?xml version="1.0" encoding="utf-8"?>
<Project ToolsVersion="4.0" xmlns="http://schemas.microsoft.com/developer/msbuild/2003">
  <ItemGroup>
    <Filter Include="src">
      <UniqueIdentifier>{12094e1c-931f-4489-a39e-7dfde9e52111}</UniqueIdentifier>
    </Filter>
  </ItemGroup>
  <ItemGroup>
    <ClCompile Include="changeDictionary.cxx">
      <Filter>src</Filter>
    </ClCompile>
  </ItemGroup>
</Project>