<?xml version="1.0" encoding="utf-8"?>
<Project ToolsVersion="4.0" xmlns="http://schemas.microsoft.com/developer/msbuild/2003">
  <ItemGroup>
    <Filter Include="src">
      <UniqueIdentifier>{a8634bb6-99ce-4edb-bf2c-a9f6fae341ba}</UniqueIdentifier>
    </Filter>
  </ItemGroup>
  <ItemGroup>
    <ClCompile Include="Test-HashTable2.cxx">
      <Filter>src</Filter>
    </ClCompile>
  </ItemGroup>
</Project>