<?xml version="1.0" encoding="utf-8"?>
<Project ToolsVersion="4.0" xmlns="http://schemas.microsoft.com/developer/msbuild/2003">
  <ItemGroup>
    <Filter Include="src">
      <UniqueIdentifier>{5ec3f77e-a34f-469d-aab9-74019b7f1900}</UniqueIdentifier>
    </Filter>
  </ItemGroup>
  <ItemGroup>
    <ClCompile Include="removeFaces.cxx">
      <Filter>src</Filter>
    </ClCompile>
  </ItemGroup>
</Project>