<?xml version="1.0" encoding="utf-8"?>
<Project ToolsVersion="4.0" xmlns="http://schemas.microsoft.com/developer/msbuild/2003">
  <ItemGroup>
    <Filter Include="src">
      <UniqueIdentifier>{a0d12f0f-e4a1-4c93-a6f9-30e84da4f8e6}</UniqueIdentifier>
    </Filter>
  </ItemGroup>
  <ItemGroup>
    <ClCompile Include="netgenNeutralToFoam.cxx">
      <Filter>src</Filter>
    </ClCompile>
  </ItemGroup>
</Project>