<?xml version="1.0" encoding="utf-8"?>
<Project ToolsVersion="4.0" xmlns="http://schemas.microsoft.com/developer/msbuild/2003">
  <ItemGroup>
    <Filter Include="src">
      <UniqueIdentifier>{bb432f0a-2b16-445b-a1d7-f9a60f428149}</UniqueIdentifier>
    </Filter>
  </ItemGroup>
  <ItemGroup>
    <ClCompile Include="Test-HashTable.cxx">
      <Filter>src</Filter>
    </ClCompile>
  </ItemGroup>
</Project>