<?xml version="1.0" encoding="utf-8"?>
<Project ToolsVersion="4.0" xmlns="http://schemas.microsoft.com/developer/msbuild/2003">
  <ItemGroup>
    <Filter Include="src">
      <UniqueIdentifier>{ec1530d6-48c2-4fd1-acfd-e259fb32c5ee}</UniqueIdentifier>
    </Filter>
  </ItemGroup>
  <ItemGroup>
    <ClCompile Include="pimpleFoam.cxx">
      <Filter>src</Filter>
    </ClCompile>
  </ItemGroup>
  <ItemGroup>
    <None Include="correctPhi.lxx">
      <Filter>src</Filter>
    </None>
    <None Include="createFields.lxx">
      <Filter>src</Filter>
    </None>
    <None Include="pEqn.lxx">
      <Filter>src</Filter>
    </None>
    <None Include="setRDeltaT.lxx">
      <Filter>src</Filter>
    </None>
    <None Include="UEqn.lxx">
      <Filter>src</Filter>
    </None>
  </ItemGroup>
</Project>