<?xml version="1.0" encoding="utf-8"?>
<Project ToolsVersion="4.0" xmlns="http://schemas.microsoft.com/developer/msbuild/2003">
  <ItemGroup>
    <Filter Include="src">
      <UniqueIdentifier>{1b5022f5-313a-4c2f-85ea-b032f7843417}</UniqueIdentifier>
    </Filter>
  </ItemGroup>
  <ItemGroup>
    <ClCompile Include="Test-IOField.cxx">
      <Filter>src</Filter>
    </ClCompile>
  </ItemGroup>
</Project>