<?xml version="1.0" encoding="utf-8"?>
<Project ToolsVersion="4.0" xmlns="http://schemas.microsoft.com/developer/msbuild/2003">
  <ItemGroup>
    <Filter Include="src">
      <UniqueIdentifier>{addca63c-6516-4b1a-8d3e-24d29d751490}</UniqueIdentifier>
    </Filter>
  </ItemGroup>
  <ItemGroup>
    <None Include="createFields.lxx">
      <Filter>src</Filter>
    </None>
  </ItemGroup>
  <ItemGroup>
    <ClCompile Include="noise.cxx">
      <Filter>src</Filter>
    </ClCompile>
  </ItemGroup>
</Project>