<?xml version="1.0" encoding="utf-8"?>
<Project ToolsVersion="4.0" xmlns="http://schemas.microsoft.com/developer/msbuild/2003">
  <ItemGroup>
    <Filter Include="src">
      <UniqueIdentifier>{0568796a-8276-4ecf-bb40-c41ce0d2ea32}</UniqueIdentifier>
    </Filter>
  </ItemGroup>
  <ItemGroup>
    <ClCompile Include="Test-tokenize.cxx">
      <Filter>src</Filter>
    </ClCompile>
  </ItemGroup>
</Project>