<?xml version="1.0" encoding="utf-8"?>
<Project ToolsVersion="4.0" xmlns="http://schemas.microsoft.com/developer/msbuild/2003">
  <ItemGroup>
    <Filter Include="applications">
      <UniqueIdentifier>{d8352146-e12c-41d6-9cd3-b957b26a73da}</UniqueIdentifier>
    </Filter>
    <Filter Include="applications\utilities">
      <UniqueIdentifier>{e0900981-3e79-437b-a992-1a2b9914a9dc}</UniqueIdentifier>
    </Filter>
    <Filter Include="applications\utilities\mesh">
      <UniqueIdentifier>{d24e8d75-12ff-4a0e-b82a-0c20eaca6e70}</UniqueIdentifier>
    </Filter>
  </ItemGroup>
</Project>