<?xml version="1.0" encoding="utf-8"?>
<Project ToolsVersion="4.0" xmlns="http://schemas.microsoft.com/developer/msbuild/2003">
  <ItemGroup>
    <Filter Include="src">
      <UniqueIdentifier>{8f45ff34-c2ff-4d9b-bf5a-ce05a00ec319}</UniqueIdentifier>
    </Filter>
  </ItemGroup>
  <ItemGroup>
    <None Include="createClouds.lxx">
      <Filter>src</Filter>
    </None>
    <None Include="createFields.lxx">
      <Filter>src</Filter>
    </None>
    <None Include="EEqn.lxx">
      <Filter>src</Filter>
    </None>
    <None Include="pEqn.lxx">
      <Filter>src</Filter>
    </None>
    <None Include="UEqn.lxx">
      <Filter>src</Filter>
    </None>
    <None Include="YEqn.lxx">
      <Filter>src</Filter>
    </None>
  </ItemGroup>
  <ItemGroup>
    <ClCompile Include="simpleReactingParcelFoam.cxx">
      <Filter>src</Filter>
    </ClCompile>
  </ItemGroup>
</Project>