<?xml version="1.0" encoding="utf-8"?>
<Project ToolsVersion="4.0" xmlns="http://schemas.microsoft.com/developer/msbuild/2003">
  <ItemGroup>
    <Filter Include="src">
      <UniqueIdentifier>{3dc283e8-c7f3-4164-98c2-020af37d49c6}</UniqueIdentifier>
    </Filter>
  </ItemGroup>
  <ItemGroup>
    <ClCompile Include="reconstructParMesh.cxx">
      <Filter>src</Filter>
    </ClCompile>
  </ItemGroup>
</Project>