<?xml version="1.0" encoding="utf-8"?>
<Project ToolsVersion="4.0" xmlns="http://schemas.microsoft.com/developer/msbuild/2003">
  <ItemGroup>
    <Filter Include="src">
      <UniqueIdentifier>{1e1ca6a7-9f30-4109-a9ec-6ea5e77ea300}</UniqueIdentifier>
    </Filter>
  </ItemGroup>
  <ItemGroup>
    <ClCompile Include="surfaceLambdaMuSmooth.cxx">
      <Filter>src</Filter>
    </ClCompile>
  </ItemGroup>
</Project>